<?xml version="1.0" encoding="utf-8"?>
<Project ToolsVersion="4.0" xmlns="http://schemas.microsoft.com/developer/msbuild/2003">
  <ItemGroup>
    <Filter Include="Исходные файлы">
      <UniqueIdentifier>{4FC737F1-C7A5-4376-A066-2A32D752A2FF}</UniqueIdentifier>
      <Extensions>cpp;c;cc;cxx;def;odl;idl;hpj;bat;asm;asmx</Extensions>
    </Filter>
    <Filter Include="Файлы ресурсов">
      <UniqueIdentifier>{67DA6AB6-F800-4c08-8B7A-83BB121AAD01}</UniqueIdentifier>
      <Extensions>rc;ico;cur;bmp;dlg;rc2;rct;bin;rgs;gif;jpg;jpeg;jpe;resx;tiff;tif;png;wav;mfcribbon-ms</Extensions>
    </Filter>
    <Filter Include="streamReader">
      <UniqueIdentifier>{faf5b355-75ad-4641-8b99-462d0ffee063}</UniqueIdentifier>
    </Filter>
    <Filter Include="stringExtensions">
      <UniqueIdentifier>{e6ad41c3-e3fc-4d34-9aaa-3522aa6cbc9f}</UniqueIdentifier>
    </Filter>
    <Filter Include="token">
      <UniqueIdentifier>{61761eb2-5ea1-400f-ba93-1d8a9c13cf44}</UniqueIdentifier>
    </Filter>
    <Filter Include="parser">
      <UniqueIdentifier>{a24e5b37-bd73-4ffd-ad91-4dffbcc7c6c5}</UniqueIdentifier>
    </Filter>
    <Filter Include="lexer">
      <UniqueIdentifier>{70db86a8-d164-49e6-81ae-77fe9e602af7}</UniqueIdentifier>
    </Filter>
    <Filter Include="expression">
      <UniqueIdentifier>{6219caf4-e7fd-4d22-bfdf-4402ac15c924}</UniqueIdentifier>
    </Filter>
    <Filter Include="expression\baseExpression">
      <UniqueIdentifier>{85325bd8-8f6a-4647-a45d-5cf43989f789}</UniqueIdentifier>
    </Filter>
    <Filter Include="expression\expressions">
      <UniqueIdentifier>{9886b8b7-bc37-41de-99c2-1710dfd058ac}</UniqueIdentifier>
    </Filter>
    <Filter Include="bytecode">
      <UniqueIdentifier>{92722475-aa15-48b2-9d61-c53b57e06901}</UniqueIdentifier>
    </Filter>
    <Filter Include="bytecode\instruction">
      <UniqueIdentifier>{5eed7b3b-b701-40af-a183-56ac67f663ae}</UniqueIdentifier>
    </Filter>
    <Filter Include="stack">
      <UniqueIdentifier>{8c8c38a8-c572-4746-8116-c17c4c50a178}</UniqueIdentifier>
    </Filter>
    <Filter Include="codeGenerator">
      <UniqueIdentifier>{17d856af-e33c-4c7d-8711-38d0968ab745}</UniqueIdentifier>
    </Filter>
    <Filter Include="bufferedFile">
      <UniqueIdentifier>{58830eb2-3b18-4035-93bd-7389f64aca26}</UniqueIdentifier>
    </Filter>
    <Filter Include="ObjectHierarchy">
      <UniqueIdentifier>{c3dd7e86-0227-419a-ae4a-ec090352a781}</UniqueIdentifier>
    </Filter>
    <Filter Include="ObjectHierarchy\function">
      <UniqueIdentifier>{e447c5d2-64be-4ec1-8b66-8c7957e89841}</UniqueIdentifier>
    </Filter>
    <Filter Include="ObjectHierarchy\namespace">
      <UniqueIdentifier>{d39ed203-0e2c-4295-9d28-6ca9a24613df}</UniqueIdentifier>
    </Filter>
    <Filter Include="ObjectHierarchy\VM">
      <UniqueIdentifier>{1d68dd3d-c9bd-468f-9b9f-a9ea8177af05}</UniqueIdentifier>
    </Filter>
    <Filter Include="ObjectHierarchy\class">
      <UniqueIdentifier>{cff1c905-0f6b-4161-b6fd-146a30ee05c5}</UniqueIdentifier>
    </Filter>
    <Filter Include="ObjectHierarchy\assembly">
      <UniqueIdentifier>{63858f91-83e4-4f94-b0c6-346848c629c6}</UniqueIdentifier>
    </Filter>
    <Filter Include="ObjectHierarchy\attribute">
      <UniqueIdentifier>{dd39eb97-c1fe-4331-a48a-9a6e5dd68428}</UniqueIdentifier>
    </Filter>
    <Filter Include="bytecodeReader">
      <UniqueIdentifier>{86336589-605f-493a-9e97-60c8395a257d}</UniqueIdentifier>
    </Filter>
  </ItemGroup>
  <ItemGroup>
    <ClInclude Include="lexer.h">
      <Filter>lexer</Filter>
    </ClInclude>
    <ClInclude Include="streamReader.h">
      <Filter>streamReader</Filter>
    </ClInclude>
    <ClInclude Include="stringExtensions.h">
      <Filter>stringExtensions</Filter>
    </ClInclude>
    <ClInclude Include="function.h">
      <Filter>ObjectHierarchy\function</Filter>
    </ClInclude>
    <ClInclude Include="parser.h">
      <Filter>parser</Filter>
    </ClInclude>
    <ClInclude Include="namespace.h">
      <Filter>ObjectHierarchy\namespace</Filter>
    </ClInclude>
    <ClInclude Include="token.h">
      <Filter>token</Filter>
    </ClInclude>
    <ClInclude Include="baseExpression.h">
      <Filter>expression\baseExpression</Filter>
    </ClInclude>
    <ClInclude Include="expressions.h">
      <Filter>expression\expressions</Filter>
    </ClInclude>
    <ClInclude Include="instruction.h">
      <Filter>bytecode\instruction</Filter>
    </ClInclude>
    <ClInclude Include="VM.h">
      <Filter>ObjectHierarchy\VM</Filter>
    </ClInclude>
    <ClInclude Include="stack.h">
      <Filter>stack</Filter>
    </ClInclude>
    <ClInclude Include="class.h">
      <Filter>ObjectHierarchy\class</Filter>
    </ClInclude>
    <ClInclude Include="assembly.h">
      <Filter>ObjectHierarchy\assembly</Filter>
    </ClInclude>
    <ClInclude Include="codeGenerator.h">
      <Filter>codeGenerator</Filter>
    </ClInclude>
    <ClInclude Include="bufferedFile.h">
      <Filter>bufferedFile</Filter>
    </ClInclude>
    <ClInclude Include="attribute.h">
      <Filter>ObjectHierarchy\attribute</Filter>
    </ClInclude>
    <ClInclude Include="bytecodeReader.h">
      <Filter>bytecodeReader</Filter>
    </ClInclude>
  </ItemGroup>
  <ItemGroup>
    <ClCompile Include="main.cpp">
      <Filter>Исходные файлы</Filter>
    </ClCompile>
    <ClCompile Include="lexer.cpp">
      <Filter>lexer</Filter>
    </ClCompile>
    <ClCompile Include="streamReader.cpp">
      <Filter>streamReader</Filter>
    </ClCompile>
    <ClCompile Include="stringExtensions.cpp">
      <Filter>stringExtensions</Filter>
    </ClCompile>
    <ClCompile Include="token.cpp">
      <Filter>token</Filter>
    </ClCompile>
    <ClCompile Include="function.cpp">
      <Filter>ObjectHierarchy\function</Filter>
    </ClCompile>
    <ClCompile Include="parser.cpp">
      <Filter>parser</Filter>
    </ClCompile>
    <ClCompile Include="namespace.cpp">
      <Filter>ObjectHierarchy\namespace</Filter>
    </ClCompile>
    <ClCompile Include="baseExpression.cpp">
      <Filter>expression\baseExpression</Filter>
    </ClCompile>
    <ClCompile Include="expressions.cpp">
      <Filter>expression\expressions</Filter>
    </ClCompile>
    <ClCompile Include="VM.cpp">
      <Filter>ObjectHierarchy\VM</Filter>
    </ClCompile>
    <ClCompile Include="class.cpp">
      <Filter>ObjectHierarchy\class</Filter>
    </ClCompile>
    <ClCompile Include="assembly.cpp">
      <Filter>ObjectHierarchy\assembly</Filter>
    </ClCompile>
    <ClCompile Include="instruction.cpp">
      <Filter>bytecode\instruction</Filter>
    </ClCompile>
    <ClCompile Include="bufferedFile.cpp">
      <Filter>bufferedFile</Filter>
    </ClCompile>
    <ClCompile Include="codeGenerator.cpp">
      <Filter>codeGenerator</Filter>
    </ClCompile>
    <ClCompile Include="attribute.cpp">
      <Filter>ObjectHierarchy\attribute</Filter>
    </ClCompile>
    <ClCompile Include="bytecodeReader.cpp">
      <Filter>bytecodeReader</Filter>
    </ClCompile>
  </ItemGroup>
  <ItemGroup>
    <None Include="main.msl">
      <Filter>Файлы ресурсов</Filter>
    </None>
  </ItemGroup>
</Project>