<?xml version="1.0" encoding="utf-8"?>
<Project ToolsVersion="4.0" xmlns="http://schemas.microsoft.com/developer/msbuild/2003">
  <ItemGroup>
    <Filter Include="MSL">
      <UniqueIdentifier>{8bb20ab1-45a2-4510-aa50-887dbeccadbf}</UniqueIdentifier>
    </Filter>
    <Filter Include="MSL\compiler">
      <UniqueIdentifier>{5bb03609-ba54-40e0-8ac8-63274bbfa7e5}</UniqueIdentifier>
    </Filter>
    <Filter Include="MSL\VM">
      <UniqueIdentifier>{a032d2b9-87a3-4b52-926b-23fbe03cfc20}</UniqueIdentifier>
    </Filter>
    <Filter Include="MSL\VM\opcode">
      <UniqueIdentifier>{5eed7b3b-b701-40af-a183-56ac67f663ae}</UniqueIdentifier>
    </Filter>
    <Filter Include="MSL\compiler\lexer">
      <UniqueIdentifier>{70db86a8-d164-49e6-81ae-77fe9e602af7}</UniqueIdentifier>
    </Filter>
    <Filter Include="MSL\compiler\expression">
      <UniqueIdentifier>{6219caf4-e7fd-4d22-bfdf-4402ac15c924}</UniqueIdentifier>
    </Filter>
    <Filter Include="MSL\compiler\expression\baseExpression">
      <UniqueIdentifier>{85325bd8-8f6a-4647-a45d-5cf43989f789}</UniqueIdentifier>
    </Filter>
    <Filter Include="MSL\compiler\expression\expressions">
      <UniqueIdentifier>{9886b8b7-bc37-41de-99c2-1710dfd058ac}</UniqueIdentifier>
    </Filter>
    <Filter Include="MSL\compiler\codeGenerator">
      <UniqueIdentifier>{17d856af-e33c-4c7d-8711-38d0968ab745}</UniqueIdentifier>
    </Filter>
    <Filter Include="MSL\compiler\objectHierarchy">
      <UniqueIdentifier>{c3dd7e86-0227-419a-ae4a-ec090352a781}</UniqueIdentifier>
    </Filter>
    <Filter Include="MSL\compiler\objectHierarchy\function">
      <UniqueIdentifier>{e447c5d2-64be-4ec1-8b66-8c7957e89841}</UniqueIdentifier>
    </Filter>
    <Filter Include="MSL\compiler\objectHierarchy\namespace">
      <UniqueIdentifier>{d39ed203-0e2c-4295-9d28-6ca9a24613df}</UniqueIdentifier>
    </Filter>
    <Filter Include="MSL\compiler\objectHierarchy\class">
      <UniqueIdentifier>{cff1c905-0f6b-4161-b6fd-146a30ee05c5}</UniqueIdentifier>
    </Filter>
    <Filter Include="MSL\compiler\objectHierarchy\assembly">
      <UniqueIdentifier>{63858f91-83e4-4f94-b0c6-346848c629c6}</UniqueIdentifier>
    </Filter>
    <Filter Include="MSL\compiler\objectHierarchy\attribute">
      <UniqueIdentifier>{dd39eb97-c1fe-4331-a48a-9a6e5dd68428}</UniqueIdentifier>
    </Filter>
    <Filter Include="MSL\compiler\parser">
      <UniqueIdentifier>{a24e5b37-bd73-4ffd-ad91-4dffbcc7c6c5}</UniqueIdentifier>
    </Filter>
    <Filter Include="MSL\compiler\streamReader">
      <UniqueIdentifier>{faf5b355-75ad-4641-8b99-462d0ffee063}</UniqueIdentifier>
    </Filter>
    <Filter Include="MSL\compiler\token">
      <UniqueIdentifier>{61761eb2-5ea1-400f-ba93-1d8a9c13cf44}</UniqueIdentifier>
    </Filter>
    <Filter Include="MSL\VM\objects">
      <UniqueIdentifier>{82161cbb-f624-486b-a240-18449fea591e}</UniqueIdentifier>
    </Filter>
    <Filter Include="momo">
      <UniqueIdentifier>{d3c09221-7b2d-4946-953a-c3780e3e5ae1}</UniqueIdentifier>
    </Filter>
    <Filter Include="momo\bigInteger">
      <UniqueIdentifier>{eb076d96-a9f7-4405-82ac-d502bbeceaa4}</UniqueIdentifier>
    </Filter>
    <Filter Include="MSL\VM\configuration">
      <UniqueIdentifier>{eb4dc456-879b-465a-bb83-6d3e64050f56}</UniqueIdentifier>
    </Filter>
    <Filter Include="MSL\VM\types">
      <UniqueIdentifier>{500c0069-1aca-4e7f-a455-a2f2bf98db28}</UniqueIdentifier>
    </Filter>
    <Filter Include="MSL\VM\assemblyEditor">
      <UniqueIdentifier>{c5226d52-3535-46f3-b30e-d07bd65d9c16}</UniqueIdentifier>
    </Filter>
    <Filter Include="MSL\VM\callPath">
      <UniqueIdentifier>{d36d46d4-5823-40a8-a5ec-324a819e34d5}</UniqueIdentifier>
    </Filter>
    <Filter Include="MSL\VM\virtualMachine">
      <UniqueIdentifier>{15a62816-dd9b-4006-85cd-b602fa7b56ea}</UniqueIdentifier>
    </Filter>
    <Filter Include="momo\SlabAllocator">
      <UniqueIdentifier>{39af1b8b-2e35-4e66-a19d-76b7aa46ee68}</UniqueIdentifier>
    </Filter>
    <Filter Include="MSL\VM\garbageCollector">
      <UniqueIdentifier>{0ecc03a7-6d2f-441b-bb9d-9f30a183b1a9}</UniqueIdentifier>
    </Filter>
    <Filter Include="MSL\utils">
      <UniqueIdentifier>{fc7213a9-69c2-4611-a3e3-957e89a19a6a}</UniqueIdentifier>
    </Filter>
    <Filter Include="MSL\utils\bytecodeReader">
      <UniqueIdentifier>{86336589-605f-493a-9e97-60c8395a257d}</UniqueIdentifier>
    </Filter>
    <Filter Include="MSL\utils\stringExtensions">
      <UniqueIdentifier>{e6ad41c3-e3fc-4d34-9aaa-3522aa6cbc9f}</UniqueIdentifier>
    </Filter>
    <Filter Include="MSL\VM\dllLoader">
      <UniqueIdentifier>{43df85dc-3573-4f3e-9e2a-cf40d07e9d50}</UniqueIdentifier>
    </Filter>
    <Filter Include="MSL\VM\exceptionTrace">
      <UniqueIdentifier>{24d15a97-ecb1-4524-b206-ed1ced86e167}</UniqueIdentifier>
    </Filter>
    <Filter Include="momo\cacher">
      <UniqueIdentifier>{d5585f1c-e958-47c2-aac3-ae2be71f5067}</UniqueIdentifier>
    </Filter>
  </ItemGroup>
  <ItemGroup>
    <ClInclude Include="lexer.h">
      <Filter>MSL\compiler\lexer</Filter>
    </ClInclude>
    <ClInclude Include="streamReader.h">
      <Filter>MSL\compiler\streamReader</Filter>
    </ClInclude>
    <ClInclude Include="stringExtensions.h">
      <Filter>MSL\utils\stringExtensions</Filter>
    </ClInclude>
    <ClInclude Include="function.h">
      <Filter>MSL\compiler\objectHierarchy\function</Filter>
    </ClInclude>
    <ClInclude Include="parser.h">
      <Filter>MSL\compiler\parser</Filter>
    </ClInclude>
    <ClInclude Include="namespace.h">
      <Filter>MSL\compiler\objectHierarchy\namespace</Filter>
    </ClInclude>
    <ClInclude Include="token.h">
      <Filter>MSL\compiler\token</Filter>
    </ClInclude>
    <ClInclude Include="baseExpression.h">
      <Filter>MSL\compiler\expression\baseExpression</Filter>
    </ClInclude>
    <ClInclude Include="expressions.h">
      <Filter>MSL\compiler\expression\expressions</Filter>
    </ClInclude>
    <ClInclude Include="class.h">
      <Filter>MSL\compiler\objectHierarchy\class</Filter>
    </ClInclude>
    <ClInclude Include="assembly.h">
      <Filter>MSL\compiler\objectHierarchy\assembly</Filter>
    </ClInclude>
    <ClInclude Include="codeGenerator.h">
      <Filter>MSL\compiler\codeGenerator</Filter>
    </ClInclude>
    <ClInclude Include="attribute.h">
      <Filter>MSL\compiler\objectHierarchy\attribute</Filter>
    </ClInclude>
    <ClInclude Include="bytecodeReader.h">
      <Filter>MSL\utils\bytecodeReader</Filter>
    </ClInclude>
    <ClInclude Include="opcode.h">
      <Filter>MSL\VM\opcode</Filter>
    </ClInclude>
    <ClInclude Include="objects.h">
      <Filter>MSL\VM\objects</Filter>
    </ClInclude>
    <ClInclude Include="bigInteger.h">
      <Filter>momo\bigInteger</Filter>
    </ClInclude>
    <ClInclude Include="classType.h">
      <Filter>MSL\VM\types</Filter>
    </ClInclude>
    <ClInclude Include="virtualMachine.h">
      <Filter>MSL\VM\virtualMachine</Filter>
    </ClInclude>
    <ClInclude Include="configuration.h">
      <Filter>MSL\VM\configuration</Filter>
    </ClInclude>
    <ClInclude Include="assemblyType.h">
      <Filter>MSL\VM\types</Filter>
    </ClInclude>
    <ClInclude Include="namespaceType.h">
      <Filter>MSL\VM\types</Filter>
    </ClInclude>
    <ClInclude Include="assemblyEditor.h">
      <Filter>MSL\VM\assemblyEditor</Filter>
    </ClInclude>
    <ClInclude Include="attributeType.h">
      <Filter>MSL\VM\types</Filter>
    </ClInclude>
    <ClInclude Include="methodType.h">
      <Filter>MSL\VM\types</Filter>
    </ClInclude>
    <ClInclude Include="callPath.h">
      <Filter>MSL\VM\callPath</Filter>
    </ClInclude>
    <ClInclude Include="SlabAllocator.h">
      <Filter>momo\SlabAllocator</Filter>
    </ClInclude>
    <ClInclude Include="garbageCollector.h">
      <Filter>MSL\VM\garbageCollector</Filter>
    </ClInclude>
    <ClInclude Include="DllLoader.h">
      <Filter>MSL\VM\dllLoader</Filter>
    </ClInclude>
    <ClInclude Include="ExceptionTrace.h">
      <Filter>MSL\VM\exceptionTrace</Filter>
    </ClInclude>
    <ClInclude Include="Cacher.h">
      <Filter>momo\cacher</Filter>
    </ClInclude>
  </ItemGroup>
  <ItemGroup>
    <ClCompile Include="lexer.cpp">
      <Filter>MSL\compiler\lexer</Filter>
    </ClCompile>
    <ClCompile Include="streamReader.cpp">
      <Filter>MSL\compiler\streamReader</Filter>
    </ClCompile>
    <ClCompile Include="stringExtensions.cpp">
      <Filter>MSL\utils\stringExtensions</Filter>
    </ClCompile>
    <ClCompile Include="token.cpp">
      <Filter>MSL\compiler\token</Filter>
    </ClCompile>
    <ClCompile Include="function.cpp">
      <Filter>MSL\compiler\objectHierarchy\function</Filter>
    </ClCompile>
    <ClCompile Include="parser.cpp">
      <Filter>MSL\compiler\parser</Filter>
    </ClCompile>
    <ClCompile Include="namespace.cpp">
      <Filter>MSL\compiler\objectHierarchy\namespace</Filter>
    </ClCompile>
    <ClCompile Include="expressions.cpp">
      <Filter>MSL\compiler\expression\expressions</Filter>
    </ClCompile>
    <ClCompile Include="class.cpp">
      <Filter>MSL\compiler\objectHierarchy\class</Filter>
    </ClCompile>
    <ClCompile Include="assembly.cpp">
      <Filter>MSL\compiler\objectHierarchy\assembly</Filter>
    </ClCompile>
    <ClCompile Include="codeGenerator.cpp">
      <Filter>MSL\compiler\codeGenerator</Filter>
    </ClCompile>
    <ClCompile Include="attribute.cpp">
      <Filter>MSL\compiler\objectHierarchy\attribute</Filter>
    </ClCompile>
    <ClCompile Include="bytecodeReader.cpp">
      <Filter>MSL\utils\bytecodeReader</Filter>
    </ClCompile>
    <ClCompile Include="main.cpp" />
    <ClCompile Include="bigInteger.cpp">
      <Filter>momo\bigInteger</Filter>
    </ClCompile>
    <ClCompile Include="objects.cpp">
      <Filter>MSL\VM\objects</Filter>
    </ClCompile>
    <ClCompile Include="virtualMachine.cpp">
      <Filter>MSL\VM\virtualMachine</Filter>
    </ClCompile>
    <ClCompile Include="assemblyEditor.cpp">
      <Filter>MSL\VM\assemblyEditor</Filter>
    </ClCompile>
    <ClCompile Include="opcode.cpp">
      <Filter>MSL\VM\opcode</Filter>
    </ClCompile>
    <ClCompile Include="callPath.cpp">
      <Filter>MSL\VM\callPath</Filter>
    </ClCompile>
    <ClCompile Include="methodType.cpp">
      <Filter>MSL\VM\types</Filter>
    </ClCompile>
    <ClCompile Include="classType.cpp">
      <Filter>MSL\VM\types</Filter>
    </ClCompile>
    <ClCompile Include="attributeType.cpp">
      <Filter>MSL\VM\types</Filter>
    </ClCompile>
    <ClCompile Include="garbageCollector.cpp">
      <Filter>MSL\VM\garbageCollector</Filter>
    </ClCompile>
    <ClCompile Include="DllLoader.cpp">
      <Filter>MSL\VM\dllLoader</Filter>
    </ClCompile>
    <ClCompile Include="ExceptionTrace.cpp">
      <Filter>MSL\VM\exceptionTrace</Filter>
    </ClCompile>
  </ItemGroup>
  <ItemGroup>
    <None Include="main.msl" />
    <None Include="system.msl" />
  </ItemGroup>
</Project>